
Microsoft Visual Studio Solution File, Format Version 12.00
# Visual Studio Version 17
VisualStudioVersion = 17.0.31612.314
MinimumVisualStudioVersion = 10.0.40219.1
Project("{9A19103F-16F7-4668-BE54-9A1E7A4F7556}") = "ThreadSum", "ThreadSum\ThreadSum.csproj", "{2D96F3E9-B0A6-4891-8D31-BEF96D2CABBC}"
EndProject
Project("{FAE04EC0-301F-11D3-BF4B-00C04F79EFBC}") = "ThreadRace", "ThreadRace\ThreadRace.csproj", "{9ADE529A-54DA-448B-8B30-9479F17CF5B1}"
EndProject
Global
	GlobalSection(SolutionConfigurationPlatforms) = preSolution
		Debug|Any CPU = Debug|Any CPU
		Release|Any CPU = Release|Any CPU
	EndGlobalSection
	GlobalSection(ProjectConfigurationPlatforms) = postSolution
		{2D96F3E9-B0A6-4891-8D31-BEF96D2CABBC}.Debug|Any CPU.ActiveCfg = Debug|Any CPU
		{2D96F3E9-B0A6-4891-8D31-BEF96D2CABBC}.Debug|Any CPU.Build.0 = Debug|Any CPU
		{2D96F3E9-B0A6-4891-8D31-BEF96D2CABBC}.Release|Any CPU.ActiveCfg = Release|Any CPU
		{2D96F3E9-B0A6-4891-8D31-BEF96D2CABBC}.Release|Any CPU.Build.0 = Release|Any CPU
		{9ADE529A-54DA-448B-8B30-9479F17CF5B1}.Debug|Any CPU.ActiveCfg = Debug|Any CPU
		{9ADE529A-54DA-448B-8B30-9479F17CF5B1}.Debug|Any CPU.Build.0 = Debug|Any CPU
		{9ADE529A-54DA-448B-8B30-9479F17CF5B1}.Release|Any CPU.ActiveCfg = Release|Any CPU
		{9ADE529A-54DA-448B-8B30-9479F17CF5B1}.Release|Any CPU.Build.0 = Release|Any CPU
	EndGlobalSection
	GlobalSection(SolutionProperties) = preSolution
		HideSolutionNode = FALSE
	EndGlobalSection
	GlobalSection(ExtensibilityGlobals) = postSolution
		SolutionGuid = {2549EB8E-8959-4DD3-87F7-39BC9FA3825B}
	EndGlobalSection
EndGlobal
